<?xml version="1.0" encoding="utf-8"?>
<Project ToolsVersion="4.0" xmlns="http://schemas.microsoft.com/developer/msbuild/2003">
  <ItemGroup>
    <ClInclude Include="Include\Box2DTiledLoader.h" />
    <ClInclude Include="Include\Command.h" />
    <ClInclude Include="Include\Constants.h" />
    <ClInclude Include="Include\Entity.h" />
    <ClInclude Include="Include\Game.h" />
    <ClInclude Include="Include\MapData.h" />
    <ClInclude Include="Include\Marvin.h" />
    <ClInclude Include="Include\Object.h" />
    <ClInclude Include="Include\ObjectGroup.h" />
    <ClInclude Include="Include\Player.h" />
    <ClInclude Include="Include\ResourceManager.h" />
    <ClInclude Include="Include\SceneNode.h" />
    <ClInclude Include="Include\SpriteNode.h" />
    <ClInclude Include="Include\Tile.h" />
    <ClInclude Include="Include\TiledJSONLoader.h" />
    <ClInclude Include="Include\TileLayer.h" />
    <ClInclude Include="Include\TilemapNode.h" />
    <ClInclude Include="Include\Tileset.h" />
    <ClInclude Include="Include\World.h" />
    <ClInclude Include="Include\State.h" />
    <ClInclude Include="Include\StateStack.h" />
    <ClInclude Include="Include\PlayState.h" />
    <ClInclude Include="Include\PauseState.h" />
    <ClInclude Include="Include\Component.h" />
    <ClInclude Include="Include\Container.h" />
    <ClInclude Include="Include\Button.h" />
    <ClInclude Include="Include\Panel.h" />
    <ClInclude Include="Include\GameObject.h" />
    <ClInclude Include="Include\GameObjectFactory.h" />
    <ClInclude Include="Include\Logger.h" />
    <ClInclude Include="Include\CollisionHandler.h" />
    <ClInclude Include="Include\Animation.h" />
    <ClInclude Include="Include\AnimatedSprite.h" />
    <ClInclude Include="Include\Image.h" />
    <ClInclude Include="Include\Label.h" />
    <ClInclude Include="Include\ContainerButton.h" />
    <ClInclude Include="Include\LevelSelectState.h" />
    <ClInclude Include="Include\LevelLoadingState.h" />
    <ClInclude Include="Include\LevelManager.h" />
    <ClInclude Include="Include\MenuState.h" />
    <ClInclude Include="Include\TextNode.h" />
    <ClInclude Include="Include\SaveManager.h" />
    <ClInclude Include="Include\SnakeSlime.h" />
    <ClInclude Include="Include\EntityFactory.h" />
  </ItemGroup>
  <ItemGroup>
    <ClCompile Include="Source\Box2DTiledLoader.cpp" />
    <ClCompile Include="Source\Entity.cpp" />
    <ClCompile Include="Source\Game.cpp" />
    <ClCompile Include="Source\main.cpp" />
    <ClCompile Include="Source\Marvin.cpp" />
    <ClCompile Include="Source\Player.cpp" />
    <ClCompile Include="Source\SceneNode.cpp" />
    <ClCompile Include="Source\SpriteNode.cpp" />
    <ClCompile Include="Source\TiledJSONLoader.cpp" />
    <ClCompile Include="Source\TilemapNode.cpp" />
    <ClCompile Include="Source\World.cpp" />
    <ClCompile Include="Source\StateStack.cpp" />
    <ClCompile Include="Source\State.cpp" />
    <ClCompile Include="Source\PlayState.cpp" />
    <ClCompile Include="Source\PauseState.cpp" />
    <ClCompile Include="Source\Component.cpp" />
    <ClCompile Include="Source\Container.cpp" />
    <ClCompile Include="Source\Button.cpp" />
    <ClCompile Include="Source\Panel.cpp" />
    <ClCompile Include="Source\GameObject.cpp" />
    <ClCompile Include="Source\GameObjectFactory.cpp" />
    <ClCompile Include="Source\Logger.cpp" />
    <ClCompile Include="Source\CollisionHandler.cpp" />
    <ClCompile Include="Source\Animation.cpp" />
    <ClCompile Include="Source\AnimatedSprite.cpp" />
    <ClCompile Include="Source\Image.cpp" />
    <ClCompile Include="Source\Label.cpp" />
    <ClCompile Include="Source\LevelSelectState.cpp" />
    <ClCompile Include="Source\LevelLoadingState.cpp" />
    <ClCompile Include="Source\LevelManager.cpp" />
    <ClCompile Include="Source\ContainerButton.cpp" />
    <ClCompile Include="Source\MenuState.cpp" />
    <ClCompile Include="Source\TextNode.cpp" />
    <ClCompile Include="Source\SnakeSlime.cpp" />
    <ClCompile Include="Source\EntityFactory.cpp" />
  </ItemGroup>
  <ItemGroup>
    <Image Include="Resources\Textures\GUI\Sample Level Selection.png" />
    <Image Include="Resources\Textures\GUI\button_disabled.png" />
    <Image Include="Resources\Textures\GUI\green_button.png" />
    <Image Include="Resources\Textures\GUI\green_button_pressed.png" />
    <Image Include="Resources\Textures\GUI\green_panel_button.png" />
    <Image Include="Resources\Textures\GUI\green_panel_button_pressed.png" />
    <Image Include="Resources\Textures\GUI\grey_panel.png" />
    <Image Include="Resources\Textures\GUI\grey_panel_large.png" />
    <Image Include="Resources\Textures\GUI\panel_button_disabled.png" />
    <Image Include="Resources\Textures\Background\grasslands_bg.png" />
    <Image Include="Resources\Textures\Player\alienGreen.png" />
    <Image Include="Resources\Textures\Player\alienGreen_climb1.png" />
    <Image Include="Resources\Textures\Player\alienGreen_climb2.png" />
    <Image Include="Resources\Textures\Player\alienGreen_duck.png" />
    <Image Include="Resources\Textures\Player\alienGreen_hurt.png" />
    <Image Include="Resources\Textures\Player\alienGreen_jump.png" />
    <Image Include="Resources\Textures\Player\alienGreen_stand.png" />
    <Image Include="Resources\Textures\Player\alienGreen_swim1.png" />
    <Image Include="Resources\Textures\Player\alienGreen_swim2.png" />
    <Image Include="Resources\Textures\Player\alienGreen_walk1.png" />
    <Image Include="Resources\Textures\Player\alienGreen_walk2.png" />
    <Image Include="Resources\Textures\Player\player_spritesheet.png" />
    <Image Include="Resources\Textures\Tileset\base_tiles_spritesheet.png" />
    <Image Include="Resources\Textures\Tileset\items_spritesheet.png" />
  </ItemGroup>
  <ItemGroup>
    <None Include="Resources\Textures\GUI\Sample Level Selection.pdf" />
    <None Include="Resources\Maps\grasslands.json" />
    <None Include="Resources\Maps\grasslands.tmx" />
  </ItemGroup>
  <ItemGroup>
    <Font Include="Resources\Fonts\kenvector_future.ttf" />
    <Font Include="Resources\Fonts\kenvector_future_thin.ttf" />
  </ItemGroup>
  <ItemGroup>
    <Library Include="Lib\Serialization\libboost_serialization-vc110-mt-gd-1_55.lib" />
  </ItemGroup>
</Project>