<?xml version="1.0" encoding="utf-8"?>
<Project ToolsVersion="4.0" xmlns="http://schemas.microsoft.com/developer/msbuild/2003">
  <ItemGroup>
    <ClInclude Include="Include\Box2DTiledLoader.h" />
    <ClInclude Include="Include\Command.h" />
    <ClInclude Include="Include\Constants.h" />
    <ClInclude Include="Include\Entity.h" />
    <ClInclude Include="Include\Game.h" />
    <ClInclude Include="Include\MapData.h" />
    <ClInclude Include="Include\Marvin.h" />
    <ClInclude Include="Include\Object.h" />
    <ClInclude Include="Include\ObjectGroup.h" />
    <ClInclude Include="Include\Player.h" />
    <ClInclude Include="Include\ResourceManager.h" />
    <ClInclude Include="Include\SceneNode.h" />
    <ClInclude Include="Include\SpriteNode.h" />
    <ClInclude Include="Include\Tile.h" />
    <ClInclude Include="Include\TiledJSONLoader.h" />
    <ClInclude Include="Include\TileLayer.h" />
    <ClInclude Include="Include\TilemapNode.h" />
    <ClInclude Include="Include\Tileset.h" />
    <ClInclude Include="Include\World.h" />
    <ClInclude Include="Include\State.h" />
    <ClInclude Include="Include\StateStack.h" />
    <ClInclude Include="Include\PlayState.h" />
    <ClInclude Include="Include\PauseState.h" />
    <ClInclude Include="Include\Component.h" />
    <ClInclude Include="Include\Container.h" />
    <ClInclude Include="Include\Button.h" />
    <ClInclude Include="Include\Panel.h" />
    <ClInclude Include="Include\GameObject.h" />
    <ClInclude Include="Include\GameObjectFactory.h" />
    <ClInclude Include="Include\Logger.h" />
    <ClInclude Include="Include\CollisionHandler.h" />
    <ClInclude Include="Include\Animation.h" />
    <ClInclude Include="Include\AnimatedSprite.h" />
  </ItemGroup>
  <ItemGroup>
    <ClCompile Include="Source\Box2DTiledLoader.cpp" />
    <ClCompile Include="Source\Entity.cpp" />
    <ClCompile Include="Source\Game.cpp" />
    <ClCompile Include="Source\main.cpp" />
    <ClCompile Include="Source\Marvin.cpp" />
    <ClCompile Include="Source\Player.cpp" />
    <ClCompile Include="Source\SceneNode.cpp" />
    <ClCompile Include="Source\SpriteNode.cpp" />
    <ClCompile Include="Source\TiledJSONLoader.cpp" />
    <ClCompile Include="Source\TilemapNode.cpp" />
    <ClCompile Include="Source\World.cpp" />
    <ClCompile Include="Source\StateStack.cpp" />
    <ClCompile Include="Source\State.cpp" />
    <ClCompile Include="Source\PlayState.cpp" />
    <ClCompile Include="Source\PauseState.cpp" />
    <ClCompile Include="Source\Component.cpp" />
    <ClCompile Include="Source\Container.cpp" />
    <ClCompile Include="Source\Button.cpp" />
    <ClCompile Include="Source\Panel.cpp" />
    <ClCompile Include="Source\GameObject.cpp" />
    <ClCompile Include="Source\GameObjectFactory.cpp" />
    <ClCompile Include="Source\Logger.cpp" />
    <ClCompile Include="Source\CollisionHandler.cpp" />
    <ClCompile Include="Source\Animation.cpp" />
    <ClCompile Include="Source\AnimatedSprite.cpp" />
  </ItemGroup>
</Project>